
Microsoft Visual Studio Solution File, Format Version 12.00
# Visual Studio Version 16
VisualStudioVersion = 16.0.28729.10
MinimumVisualStudioVersion = 10.0.40219.1
Project("{FAE04EC0-301F-11D3-BF4B-00C04F79EFBC}") = "DotNetTestProject", "DotNetTestProject\DotNetTestProject.csproj", "{FA66CFB7-9D39-4E90-8150-5CBFBF01958D}"
EndProject
Project("{9A19103F-16F7-4668-BE54-9A1E7A4F7556}") = "MinoTool", "MinoTool\MinoTool.csproj", "{240BACAD-A830-4BAC-9D1D-41440EDC99E0}"
EndProject
Global
	GlobalSection(SolutionConfigurationPlatforms) = preSolution
		Debug|Any CPU = Debug|Any CPU
		Release|Any CPU = Release|Any CPU
	EndGlobalSection
	GlobalSection(ProjectConfigurationPlatforms) = postSolution
		{FA66CFB7-9D39-4E90-8150-5CBFBF01958D}.Debug|Any CPU.ActiveCfg = Debug|Any CPU
		{FA66CFB7-9D39-4E90-8150-5CBFBF01958D}.Debug|Any CPU.Build.0 = Debug|Any CPU
		{FA66CFB7-9D39-4E90-8150-5CBFBF01958D}.Release|Any CPU.ActiveCfg = Release|Any CPU
		{FA66CFB7-9D39-4E90-8150-5CBFBF01958D}.Release|Any CPU.Build.0 = Release|Any CPU
		{240BACAD-A830-4BAC-9D1D-41440EDC99E0}.Debug|Any CPU.ActiveCfg = Debug|Any CPU
		{240BACAD-A830-4BAC-9D1D-41440EDC99E0}.Debug|Any CPU.Build.0 = Debug|Any CPU
		{240BACAD-A830-4BAC-9D1D-41440EDC99E0}.Release|Any CPU.ActiveCfg = Release|Any CPU
		{240BACAD-A830-4BAC-9D1D-41440EDC99E0}.Release|Any CPU.Build.0 = Release|Any CPU
	EndGlobalSection
	GlobalSection(SolutionProperties) = preSolution
		HideSolutionNode = FALSE
	EndGlobalSection
	GlobalSection(ExtensibilityGlobals) = postSolution
		SolutionGuid = {2C60E6B1-1888-4F89-B5D3-DEB4328D6846}
	EndGlobalSection
EndGlobal
